
Microsoft Visual Studio Solution File, Format Version 12.00
# Visual Studio 15
VisualStudioVersion = 15.0.28307.168
MinimumVisualStudioVersion = 10.0.40219.1
Project("{9A19103F-16F7-4668-BE54-9A1E7A4F7556}") = "Stealer", "Stealer\Stealer.csproj", "{0B997E17-0660-4B17-A5BD-6CAB2A61D831}"
EndProject
Project("{9A19103F-16F7-4668-BE54-9A1E7A4F7556}") = "High_Quality_Mistakes", "High_Quality_Mistakes\High_Quality_Mistakes.csproj", "{EF5BAAF6-85AE-4945-94FC-C65454024AD4}"
EndProject
Project("{FAE04EC0-301F-11D3-BF4B-00C04F79EFBC}") = "Command_Pattern", "Command_Pattern\Command_Pattern.csproj", "{42CB3F4D-26B4-4ADD-9037-DFB924E564C4}"
EndProject
Global
	GlobalSection(SolutionConfigurationPlatforms) = preSolution
		Debug|Any CPU = Debug|Any CPU
		Release|Any CPU = Release|Any CPU
	EndGlobalSection
	GlobalSection(ProjectConfigurationPlatforms) = postSolution
		{0B997E17-0660-4B17-A5BD-6CAB2A61D831}.Debug|Any CPU.ActiveCfg = Debug|Any CPU
		{0B997E17-0660-4B17-A5BD-6CAB2A61D831}.Debug|Any CPU.Build.0 = Debug|Any CPU
		{0B997E17-0660-4B17-A5BD-6CAB2A61D831}.Release|Any CPU.ActiveCfg = Release|Any CPU
		{0B997E17-0660-4B17-A5BD-6CAB2A61D831}.Release|Any CPU.Build.0 = Release|Any CPU
		{EF5BAAF6-85AE-4945-94FC-C65454024AD4}.Debug|Any CPU.ActiveCfg = Debug|Any CPU
		{EF5BAAF6-85AE-4945-94FC-C65454024AD4}.Debug|Any CPU.Build.0 = Debug|Any CPU
		{EF5BAAF6-85AE-4945-94FC-C65454024AD4}.Release|Any CPU.ActiveCfg = Release|Any CPU
		{EF5BAAF6-85AE-4945-94FC-C65454024AD4}.Release|Any CPU.Build.0 = Release|Any CPU
		{42CB3F4D-26B4-4ADD-9037-DFB924E564C4}.Debug|Any CPU.ActiveCfg = Debug|Any CPU
		{42CB3F4D-26B4-4ADD-9037-DFB924E564C4}.Debug|Any CPU.Build.0 = Debug|Any CPU
		{42CB3F4D-26B4-4ADD-9037-DFB924E564C4}.Release|Any CPU.ActiveCfg = Release|Any CPU
		{42CB3F4D-26B4-4ADD-9037-DFB924E564C4}.Release|Any CPU.Build.0 = Release|Any CPU
	EndGlobalSection
	GlobalSection(SolutionProperties) = preSolution
		HideSolutionNode = FALSE
	EndGlobalSection
	GlobalSection(ExtensibilityGlobals) = postSolution
		SolutionGuid = {A4B20929-927E-4797-B168-5DDD90B10088}
	EndGlobalSection
EndGlobal
