
Microsoft Visual Studio Solution File, Format Version 12.00
# Visual Studio 15
VisualStudioVersion = 15.0.28307.168
MinimumVisualStudioVersion = 10.0.40219.1
Project("{9A19103F-16F7-4668-BE54-9A1E7A4F7556}") = "P02_CarsSalesman", "P02_CarsSalesman.csproj", "{7D14D5CF-52BE-49B5-8261-6840AAA2CCD3}"
EndProject
Global
	GlobalSection(SolutionConfigurationPlatforms) = preSolution
		Debug|Any CPU = Debug|Any CPU
		Release|Any CPU = Release|Any CPU
	EndGlobalSection
	GlobalSection(ProjectConfigurationPlatforms) = postSolution
		{7D14D5CF-52BE-49B5-8261-6840AAA2CCD3}.Debug|Any CPU.ActiveCfg = Debug|Any CPU
		{7D14D5CF-52BE-49B5-8261-6840AAA2CCD3}.Debug|Any CPU.Build.0 = Debug|Any CPU
		{7D14D5CF-52BE-49B5-8261-6840AAA2CCD3}.Release|Any CPU.ActiveCfg = Release|Any CPU
		{7D14D5CF-52BE-49B5-8261-6840AAA2CCD3}.Release|Any CPU.Build.0 = Release|Any CPU
	EndGlobalSection
	GlobalSection(SolutionProperties) = preSolution
		HideSolutionNode = FALSE
	EndGlobalSection
	GlobalSection(ExtensibilityGlobals) = postSolution
		SolutionGuid = {30803D18-C329-4A35-8548-6E041854C61D}
	EndGlobalSection
EndGlobal
