
Microsoft Visual Studio Solution File, Format Version 12.00
# Visual Studio 15
VisualStudioVersion = 15.0.28307.168
MinimumVisualStudioVersion = 10.0.40219.1
Project("{9A19103F-16F7-4668-BE54-9A1E7A4F7556}") = "NeedForSpeed", "NeedForSpeed.csproj", "{6E87E39E-AF5D-426B-9361-D4F872C4EFB8}"
EndProject
Global
	GlobalSection(SolutionConfigurationPlatforms) = preSolution
		Debug|Any CPU = Debug|Any CPU
		Release|Any CPU = Release|Any CPU
	EndGlobalSection
	GlobalSection(ProjectConfigurationPlatforms) = postSolution
		{6E87E39E-AF5D-426B-9361-D4F872C4EFB8}.Debug|Any CPU.ActiveCfg = Debug|Any CPU
		{6E87E39E-AF5D-426B-9361-D4F872C4EFB8}.Debug|Any CPU.Build.0 = Debug|Any CPU
		{6E87E39E-AF5D-426B-9361-D4F872C4EFB8}.Release|Any CPU.ActiveCfg = Release|Any CPU
		{6E87E39E-AF5D-426B-9361-D4F872C4EFB8}.Release|Any CPU.Build.0 = Release|Any CPU
	EndGlobalSection
	GlobalSection(SolutionProperties) = preSolution
		HideSolutionNode = FALSE
	EndGlobalSection
	GlobalSection(ExtensibilityGlobals) = postSolution
		SolutionGuid = {1F52EDE3-C772-468E-B3E7-CDE5F5B14F92}
	EndGlobalSection
EndGlobal
