
Microsoft Visual Studio Solution File, Format Version 12.00
# Visual Studio 15
VisualStudioVersion = 15.0.28307.168
MinimumVisualStudioVersion = 10.0.40219.1
Project("{9A19103F-16F7-4668-BE54-9A1E7A4F7556}") = "Car", "Car\Car.csproj", "{7E9DC975-FBDC-4F21-820D-A19A660EA8F8}"
EndProject
Project("{9A19103F-16F7-4668-BE54-9A1E7A4F7556}") = "Car Extension", "Car Extension\Car Extension.csproj", "{A025A8C5-526E-4A6D-BBC0-947AFA70D025}"
EndProject
Project("{9A19103F-16F7-4668-BE54-9A1E7A4F7556}") = "Car Constructors", "Car Constructors\Car Constructors.csproj", "{031169A1-D240-44CF-A2B8-682998871819}"
EndProject
Project("{9A19103F-16F7-4668-BE54-9A1E7A4F7556}") = "Car Engine and Tires", "Car Engine and Tires\Car Engine and Tires.csproj", "{9674D979-079E-4A8C-8D55-E6A6E2530528}"
EndProject
Project("{9A19103F-16F7-4668-BE54-9A1E7A4F7556}") = "Special Cars", "Special Cars\Special Cars.csproj", "{D5901D92-A9AB-48F5-B2F2-D783954C8DDA}"
EndProject
Project("{FAE04EC0-301F-11D3-BF4B-00C04F79EFBC}") = "DefiningClasses", "DefiningClasses\DefiningClasses.csproj", "{FEE42D54-F305-48A5-B791-6161B76BC5DB}"
EndProject
Global
	GlobalSection(SolutionConfigurationPlatforms) = preSolution
		Debug|Any CPU = Debug|Any CPU
		Release|Any CPU = Release|Any CPU
	EndGlobalSection
	GlobalSection(ProjectConfigurationPlatforms) = postSolution
		{7E9DC975-FBDC-4F21-820D-A19A660EA8F8}.Debug|Any CPU.ActiveCfg = Debug|Any CPU
		{7E9DC975-FBDC-4F21-820D-A19A660EA8F8}.Debug|Any CPU.Build.0 = Debug|Any CPU
		{7E9DC975-FBDC-4F21-820D-A19A660EA8F8}.Release|Any CPU.ActiveCfg = Release|Any CPU
		{7E9DC975-FBDC-4F21-820D-A19A660EA8F8}.Release|Any CPU.Build.0 = Release|Any CPU
		{A025A8C5-526E-4A6D-BBC0-947AFA70D025}.Debug|Any CPU.ActiveCfg = Debug|Any CPU
		{A025A8C5-526E-4A6D-BBC0-947AFA70D025}.Debug|Any CPU.Build.0 = Debug|Any CPU
		{A025A8C5-526E-4A6D-BBC0-947AFA70D025}.Release|Any CPU.ActiveCfg = Release|Any CPU
		{A025A8C5-526E-4A6D-BBC0-947AFA70D025}.Release|Any CPU.Build.0 = Release|Any CPU
		{031169A1-D240-44CF-A2B8-682998871819}.Debug|Any CPU.ActiveCfg = Debug|Any CPU
		{031169A1-D240-44CF-A2B8-682998871819}.Debug|Any CPU.Build.0 = Debug|Any CPU
		{031169A1-D240-44CF-A2B8-682998871819}.Release|Any CPU.ActiveCfg = Release|Any CPU
		{031169A1-D240-44CF-A2B8-682998871819}.Release|Any CPU.Build.0 = Release|Any CPU
		{9674D979-079E-4A8C-8D55-E6A6E2530528}.Debug|Any CPU.ActiveCfg = Debug|Any CPU
		{9674D979-079E-4A8C-8D55-E6A6E2530528}.Debug|Any CPU.Build.0 = Debug|Any CPU
		{9674D979-079E-4A8C-8D55-E6A6E2530528}.Release|Any CPU.ActiveCfg = Release|Any CPU
		{9674D979-079E-4A8C-8D55-E6A6E2530528}.Release|Any CPU.Build.0 = Release|Any CPU
		{D5901D92-A9AB-48F5-B2F2-D783954C8DDA}.Debug|Any CPU.ActiveCfg = Debug|Any CPU
		{D5901D92-A9AB-48F5-B2F2-D783954C8DDA}.Debug|Any CPU.Build.0 = Debug|Any CPU
		{D5901D92-A9AB-48F5-B2F2-D783954C8DDA}.Release|Any CPU.ActiveCfg = Release|Any CPU
		{D5901D92-A9AB-48F5-B2F2-D783954C8DDA}.Release|Any CPU.Build.0 = Release|Any CPU
		{FEE42D54-F305-48A5-B791-6161B76BC5DB}.Debug|Any CPU.ActiveCfg = Debug|Any CPU
		{FEE42D54-F305-48A5-B791-6161B76BC5DB}.Debug|Any CPU.Build.0 = Debug|Any CPU
		{FEE42D54-F305-48A5-B791-6161B76BC5DB}.Release|Any CPU.ActiveCfg = Release|Any CPU
		{FEE42D54-F305-48A5-B791-6161B76BC5DB}.Release|Any CPU.Build.0 = Release|Any CPU
	EndGlobalSection
	GlobalSection(SolutionProperties) = preSolution
		HideSolutionNode = FALSE
	EndGlobalSection
	GlobalSection(ExtensibilityGlobals) = postSolution
		SolutionGuid = {A5A46F7D-6972-435F-BBF4-3BD188DB45A8}
	EndGlobalSection
EndGlobal
