
Microsoft Visual Studio Solution File, Format Version 12.00
# Visual Studio 15
VisualStudioVersion = 15.0.28307.168
MinimumVisualStudioVersion = 10.0.40219.1
Project("{9A19103F-16F7-4668-BE54-9A1E7A4F7556}") = "AquaShop", "AquaShop.csproj", "{2A28293D-9DE7-4F27-A76D-A28D3D63329F}"
EndProject
Global
	GlobalSection(SolutionConfigurationPlatforms) = preSolution
		Debug|Any CPU = Debug|Any CPU
		Release|Any CPU = Release|Any CPU
	EndGlobalSection
	GlobalSection(ProjectConfigurationPlatforms) = postSolution
		{2A28293D-9DE7-4F27-A76D-A28D3D63329F}.Debug|Any CPU.ActiveCfg = Debug|Any CPU
		{2A28293D-9DE7-4F27-A76D-A28D3D63329F}.Debug|Any CPU.Build.0 = Debug|Any CPU
		{2A28293D-9DE7-4F27-A76D-A28D3D63329F}.Release|Any CPU.ActiveCfg = Release|Any CPU
		{2A28293D-9DE7-4F27-A76D-A28D3D63329F}.Release|Any CPU.Build.0 = Release|Any CPU
	EndGlobalSection
	GlobalSection(SolutionProperties) = preSolution
		HideSolutionNode = FALSE
	EndGlobalSection
	GlobalSection(ExtensibilityGlobals) = postSolution
		SolutionGuid = {A4B1FD48-9684-4203-BDB1-3FB2754FA0BA}
	EndGlobalSection
EndGlobal
